
Microsoft Visual Studio Solution File, Format Version 12.00
# Visual Studio 15
VisualStudioVersion = 15.0.26730.16
MinimumVisualStudioVersion = 10.0.40219.1
Project("{FAE04EC0-301F-11D3-BF4B-00C04F79EFBC}") = "LFS2S3Proxy", "LFS2S3Proxy\LFS2S3Proxy.csproj", "{55E645D8-9758-4A33-937B-16B75322E1CF}"
EndProject
Global
	GlobalSection(SolutionConfigurationPlatforms) = preSolution
		Debug|Any CPU = Debug|Any CPU
		Release|Any CPU = Release|Any CPU
	EndGlobalSection
	GlobalSection(ProjectConfigurationPlatforms) = postSolution
		{55E645D8-9758-4A33-937B-16B75322E1CF}.Debug|Any CPU.ActiveCfg = Debug|Any CPU
		{55E645D8-9758-4A33-937B-16B75322E1CF}.Debug|Any CPU.Build.0 = Debug|Any CPU
		{55E645D8-9758-4A33-937B-16B75322E1CF}.Release|Any CPU.ActiveCfg = Release|Any CPU
		{55E645D8-9758-4A33-937B-16B75322E1CF}.Release|Any CPU.Build.0 = Release|Any CPU
	EndGlobalSection
	GlobalSection(SolutionProperties) = preSolution
		HideSolutionNode = FALSE
	EndGlobalSection
	GlobalSection(ExtensibilityGlobals) = postSolution
		SolutionGuid = {A5FA067F-A3C2-45EB-8935-9E8D8ED6C849}
	EndGlobalSection
EndGlobal
